
Microsoft Visual Studio Solution File, Format Version 12.00
# Visual Studio 2013
VisualStudioVersion = 12.0.21005.1
MinimumVisualStudioVersion = 10.0.40219.1
Project("{FAE04EC0-301F-11D3-BF4B-00C04F79EFBC}") = "keyword_delegate", "keyword_delegate\keyword_delegate.csproj", "{936B0E05-53C0-4635-936D-F0099ACF9CA8}"
EndProject
Project("{FAE04EC0-301F-11D3-BF4B-00C04F79EFBC}") = "api_filesystem", "api_filesystem\api_filesystem.csproj", "{21E2262D-2B51-42A7-9752-4A8B5E4408CC}"
EndProject
Project("{FAE04EC0-301F-11D3-BF4B-00C04F79EFBC}") = "keyword_ref_out", "keyword_ref_out\keyword_ref_out.csproj", "{D9D8699B-05C3-4070-A6C6-173D92A8022F}"
EndProject
Project("{FAE04EC0-301F-11D3-BF4B-00C04F79EFBC}") = "api_assert", "api_assert\api_assert.csproj", "{904DE6E5-5F23-4A6D-8015-6C43CCD857D9}"
EndProject
Project("{FAE04EC0-301F-11D3-BF4B-00C04F79EFBC}") = "api_equal", "api_equal\api_equal.csproj", "{80B8B235-13C1-4B08-A06C-1A0FA60CB604}"
EndProject
Project("{FAE04EC0-301F-11D3-BF4B-00C04F79EFBC}") = "api_log", "api_log\api_log.csproj", "{6044F702-F8B6-4C90-9E72-750BAD5AA52E}"
EndProject
Project("{FAE04EC0-301F-11D3-BF4B-00C04F79EFBC}") = "keyword_operator", "keyword_operator\keyword_operator.csproj", "{9D7E0687-9122-43D7-B0F0-B6299CC18361}"
EndProject
Project("{FAE04EC0-301F-11D3-BF4B-00C04F79EFBC}") = "keyword_grandpa", "keyword_grandpa\keyword_grandpa.csproj", "{F16BA84A-2FA2-45A2-BB6D-256FDE057657}"
EndProject
Project("{FAE04EC0-301F-11D3-BF4B-00C04F79EFBC}") = "api_serialize", "api_serialize\api_serialize.csproj", "{374B75F8-CB1A-463C-8A19-04F42DA9E73E}"
EndProject
Project("{FAE04EC0-301F-11D3-BF4B-00C04F79EFBC}") = "api_compress", "api_compress\api_compress.csproj", "{5B428C6E-3FCD-49CE-8707-C179FA0DCE6F}"
EndProject
Project("{FAE04EC0-301F-11D3-BF4B-00C04F79EFBC}") = "StateMachine", "StateMachine\StateMachine.csproj", "{0AA7E8B0-7301-4210-AD5B-F4E0256A95E2}"
EndProject
Global
	GlobalSection(SolutionConfigurationPlatforms) = preSolution
		Debug|Any CPU = Debug|Any CPU
		Release|Any CPU = Release|Any CPU
	EndGlobalSection
	GlobalSection(ProjectConfigurationPlatforms) = postSolution
		{936B0E05-53C0-4635-936D-F0099ACF9CA8}.Debug|Any CPU.ActiveCfg = Debug|Any CPU
		{936B0E05-53C0-4635-936D-F0099ACF9CA8}.Debug|Any CPU.Build.0 = Debug|Any CPU
		{936B0E05-53C0-4635-936D-F0099ACF9CA8}.Release|Any CPU.ActiveCfg = Release|Any CPU
		{936B0E05-53C0-4635-936D-F0099ACF9CA8}.Release|Any CPU.Build.0 = Release|Any CPU
		{21E2262D-2B51-42A7-9752-4A8B5E4408CC}.Debug|Any CPU.ActiveCfg = Debug|Any CPU
		{21E2262D-2B51-42A7-9752-4A8B5E4408CC}.Debug|Any CPU.Build.0 = Debug|Any CPU
		{21E2262D-2B51-42A7-9752-4A8B5E4408CC}.Release|Any CPU.ActiveCfg = Release|Any CPU
		{21E2262D-2B51-42A7-9752-4A8B5E4408CC}.Release|Any CPU.Build.0 = Release|Any CPU
		{D9D8699B-05C3-4070-A6C6-173D92A8022F}.Debug|Any CPU.ActiveCfg = Debug|Any CPU
		{D9D8699B-05C3-4070-A6C6-173D92A8022F}.Debug|Any CPU.Build.0 = Debug|Any CPU
		{D9D8699B-05C3-4070-A6C6-173D92A8022F}.Release|Any CPU.ActiveCfg = Release|Any CPU
		{D9D8699B-05C3-4070-A6C6-173D92A8022F}.Release|Any CPU.Build.0 = Release|Any CPU
		{904DE6E5-5F23-4A6D-8015-6C43CCD857D9}.Debug|Any CPU.ActiveCfg = Debug|Any CPU
		{904DE6E5-5F23-4A6D-8015-6C43CCD857D9}.Debug|Any CPU.Build.0 = Debug|Any CPU
		{904DE6E5-5F23-4A6D-8015-6C43CCD857D9}.Release|Any CPU.ActiveCfg = Release|Any CPU
		{904DE6E5-5F23-4A6D-8015-6C43CCD857D9}.Release|Any CPU.Build.0 = Release|Any CPU
		{80B8B235-13C1-4B08-A06C-1A0FA60CB604}.Debug|Any CPU.ActiveCfg = Debug|Any CPU
		{80B8B235-13C1-4B08-A06C-1A0FA60CB604}.Debug|Any CPU.Build.0 = Debug|Any CPU
		{80B8B235-13C1-4B08-A06C-1A0FA60CB604}.Release|Any CPU.ActiveCfg = Release|Any CPU
		{80B8B235-13C1-4B08-A06C-1A0FA60CB604}.Release|Any CPU.Build.0 = Release|Any CPU
		{6044F702-F8B6-4C90-9E72-750BAD5AA52E}.Debug|Any CPU.ActiveCfg = Debug|Any CPU
		{6044F702-F8B6-4C90-9E72-750BAD5AA52E}.Debug|Any CPU.Build.0 = Debug|Any CPU
		{6044F702-F8B6-4C90-9E72-750BAD5AA52E}.Release|Any CPU.ActiveCfg = Release|Any CPU
		{6044F702-F8B6-4C90-9E72-750BAD5AA52E}.Release|Any CPU.Build.0 = Release|Any CPU
		{9D7E0687-9122-43D7-B0F0-B6299CC18361}.Debug|Any CPU.ActiveCfg = Debug|Any CPU
		{9D7E0687-9122-43D7-B0F0-B6299CC18361}.Debug|Any CPU.Build.0 = Debug|Any CPU
		{9D7E0687-9122-43D7-B0F0-B6299CC18361}.Release|Any CPU.ActiveCfg = Release|Any CPU
		{9D7E0687-9122-43D7-B0F0-B6299CC18361}.Release|Any CPU.Build.0 = Release|Any CPU
		{F16BA84A-2FA2-45A2-BB6D-256FDE057657}.Debug|Any CPU.ActiveCfg = Debug|Any CPU
		{F16BA84A-2FA2-45A2-BB6D-256FDE057657}.Debug|Any CPU.Build.0 = Debug|Any CPU
		{F16BA84A-2FA2-45A2-BB6D-256FDE057657}.Release|Any CPU.ActiveCfg = Release|Any CPU
		{F16BA84A-2FA2-45A2-BB6D-256FDE057657}.Release|Any CPU.Build.0 = Release|Any CPU
		{374B75F8-CB1A-463C-8A19-04F42DA9E73E}.Debug|Any CPU.ActiveCfg = Debug|Any CPU
		{374B75F8-CB1A-463C-8A19-04F42DA9E73E}.Debug|Any CPU.Build.0 = Debug|Any CPU
		{374B75F8-CB1A-463C-8A19-04F42DA9E73E}.Release|Any CPU.ActiveCfg = Release|Any CPU
		{374B75F8-CB1A-463C-8A19-04F42DA9E73E}.Release|Any CPU.Build.0 = Release|Any CPU
		{5B428C6E-3FCD-49CE-8707-C179FA0DCE6F}.Debug|Any CPU.ActiveCfg = Debug|Any CPU
		{5B428C6E-3FCD-49CE-8707-C179FA0DCE6F}.Debug|Any CPU.Build.0 = Debug|Any CPU
		{5B428C6E-3FCD-49CE-8707-C179FA0DCE6F}.Release|Any CPU.ActiveCfg = Release|Any CPU
		{5B428C6E-3FCD-49CE-8707-C179FA0DCE6F}.Release|Any CPU.Build.0 = Release|Any CPU
		{0AA7E8B0-7301-4210-AD5B-F4E0256A95E2}.Debug|Any CPU.ActiveCfg = Debug|Any CPU
		{0AA7E8B0-7301-4210-AD5B-F4E0256A95E2}.Debug|Any CPU.Build.0 = Debug|Any CPU
		{0AA7E8B0-7301-4210-AD5B-F4E0256A95E2}.Release|Any CPU.ActiveCfg = Release|Any CPU
		{0AA7E8B0-7301-4210-AD5B-F4E0256A95E2}.Release|Any CPU.Build.0 = Release|Any CPU
	EndGlobalSection
	GlobalSection(SolutionProperties) = preSolution
		HideSolutionNode = FALSE
	EndGlobalSection
EndGlobal
