
Microsoft Visual Studio Solution File, Format Version 12.00
# Visual Studio 2013
Project("{FAE04EC0-301F-11D3-BF4B-00C04F79EFBC}") = "UnityVS.Editor.CSharp", "UnityVS.Editor.CSharp.csproj", "{6BDD9517-6392-3FA6-F44C-23C6E41A42A7}"
EndProject
Project("{FAE04EC0-301F-11D3-BF4B-00C04F79EFBC}") = "Game", "..\Source\Game\Game.csproj", "{9A7905EF-344D-4A44-88D1-6D33B92C08E0}"
EndProject
Project("{FAE04EC0-301F-11D3-BF4B-00C04F79EFBC}") = "Extension", "..\Source\Extension\Extension.csproj", "{1B9D727C-6C57-4964-BBAE-7E90116931BB}"
EndProject
Project("{FAE04EC0-301F-11D3-BF4B-00C04F79EFBC}") = "GamePrefab", "..\Source\GamePrefab\GamePrefab.csproj", "{10EAE852-A3C9-4152-9962-F9868C56F86A}"
EndProject
Project("{FAE04EC0-301F-11D3-BF4B-00C04F79EFBC}") = "Editor", "..\Source\Editor\Editor.csproj", "{211C8490-7AF7-4821-966A-2BED855A1FF6}"
EndProject
Global
	GlobalSection(SolutionConfigurationPlatforms) = preSolution
		Debug|Any CPU = Debug|Any CPU
		Release|Any CPU = Release|Any CPU
	EndGlobalSection
	GlobalSection(ProjectConfigurationPlatforms) = postSolution
		{6BDD9517-6392-3FA6-F44C-23C6E41A42A7}.Debug|Any CPU.ActiveCfg = Debug|Any CPU
		{6BDD9517-6392-3FA6-F44C-23C6E41A42A7}.Debug|Any CPU.Build.0 = Debug|Any CPU
		{6BDD9517-6392-3FA6-F44C-23C6E41A42A7}.Release|Any CPU.ActiveCfg = Release|Any CPU
		{6BDD9517-6392-3FA6-F44C-23C6E41A42A7}.Release|Any CPU.Build.0 = Release|Any CPU
		{9A7905EF-344D-4A44-88D1-6D33B92C08E0}.Debug|Any CPU.ActiveCfg = Debug|Any CPU
		{9A7905EF-344D-4A44-88D1-6D33B92C08E0}.Debug|Any CPU.Build.0 = Debug|Any CPU
		{9A7905EF-344D-4A44-88D1-6D33B92C08E0}.Release|Any CPU.ActiveCfg = Release|Any CPU
		{9A7905EF-344D-4A44-88D1-6D33B92C08E0}.Release|Any CPU.Build.0 = Release|Any CPU
		{1B9D727C-6C57-4964-BBAE-7E90116931BB}.Debug|Any CPU.ActiveCfg = Debug|Any CPU
		{1B9D727C-6C57-4964-BBAE-7E90116931BB}.Debug|Any CPU.Build.0 = Debug|Any CPU
		{1B9D727C-6C57-4964-BBAE-7E90116931BB}.Release|Any CPU.ActiveCfg = Release|Any CPU
		{1B9D727C-6C57-4964-BBAE-7E90116931BB}.Release|Any CPU.Build.0 = Release|Any CPU
		{10EAE852-A3C9-4152-9962-F9868C56F86A}.Debug|Any CPU.ActiveCfg = Debug|Any CPU
		{10EAE852-A3C9-4152-9962-F9868C56F86A}.Debug|Any CPU.Build.0 = Debug|Any CPU
		{10EAE852-A3C9-4152-9962-F9868C56F86A}.Release|Any CPU.ActiveCfg = Release|Any CPU
		{10EAE852-A3C9-4152-9962-F9868C56F86A}.Release|Any CPU.Build.0 = Release|Any CPU
		{211C8490-7AF7-4821-966A-2BED855A1FF6}.Debug|Any CPU.ActiveCfg = Debug|Any CPU
		{211C8490-7AF7-4821-966A-2BED855A1FF6}.Debug|Any CPU.Build.0 = Debug|Any CPU
		{211C8490-7AF7-4821-966A-2BED855A1FF6}.Release|Any CPU.ActiveCfg = Release|Any CPU
		{211C8490-7AF7-4821-966A-2BED855A1FF6}.Release|Any CPU.Build.0 = Release|Any CPU
	EndGlobalSection
	GlobalSection(SolutionProperties) = preSolution
		HideSolutionNode = FALSE
	EndGlobalSection
EndGlobal
